
Microsoft Visual Studio Solution File, Format Version 12.00
# Visual Studio Version 16
VisualStudioVersion = 16.0.29519.87
MinimumVisualStudioVersion = 10.0.40219.1
Project("{2150E333-8FDC-42A3-9474-1A3956D46DE8}") = "Microservices", "Microservices", "{FFCCF830-1F91-4E37-B297-E3B51CE81D91}"
EndProject
Project("{2150E333-8FDC-42A3-9474-1A3956D46DE8}") = "Domain", "Domain", "{41943DA0-681B-44F8-AD41-FC79C39E173E}"
EndProject
Project("{2150E333-8FDC-42A3-9474-1A3956D46DE8}") = "Infra.Bus", "Infra.Bus", "{78D5C6EE-D0F2-4CF1-8BAE-71199A5606A2}"
EndProject
Project("{2150E333-8FDC-42A3-9474-1A3956D46DE8}") = "Infra.IOC", "Infra.IOC", "{AEC1EC9C-B4CF-4A2F-8AD1-7475C6D604CB}"
EndProject
Project("{2150E333-8FDC-42A3-9474-1A3956D46DE8}") = "Presentation", "Presentation", "{F940AB77-CB9A-41D0-9D66-395E0BF223E8}"
EndProject
Project("{9A19103F-16F7-4668-BE54-9A1E7A4F7556}") = "MicroRabbit.Domain.core", "MicroRabbit.Domain.core\MicroRabbit.Domain.core.csproj", "{252551DC-8EE5-4401-9B9E-E76CD0DCC8C4}"
EndProject
Project("{9A19103F-16F7-4668-BE54-9A1E7A4F7556}") = "MicroRabbit.Infra.Bus", "MicroRabbit.Infra.Bus\MicroRabbit.Infra.Bus.csproj", "{549D1459-6F93-4EC8-8393-D246EB158C1E}"
EndProject
Project("{FAE04EC0-301F-11D3-BF4B-00C04F79EFBC}") = "MicroRabbit.Infra.IOC", "MicroRabbit.Infra.IOC\MicroRabbit.Infra.IOC.csproj", "{7AAE8D23-0D8D-453F-8836-B42D0D49CBBD}"
EndProject
Project("{2150E333-8FDC-42A3-9474-1A3956D46DE8}") = "Banking", "Banking", "{3558F712-05FA-4CAA-94F9-3293A86030E5}"
EndProject
Project("{2150E333-8FDC-42A3-9474-1A3956D46DE8}") = "API", "API", "{1D1628EC-32D1-4630-B333-26116114827E}"
EndProject
Project("{2150E333-8FDC-42A3-9474-1A3956D46DE8}") = "DomainEntities", "DomainEntities", "{6E534F3E-27F2-48D7-B497-AA07FD1C9827}"
EndProject
Project("{2150E333-8FDC-42A3-9474-1A3956D46DE8}") = "Application", "Application", "{BDB16408-F0C8-44B4-89BF-22E7FCA67025}"
EndProject
Project("{2150E333-8FDC-42A3-9474-1A3956D46DE8}") = "Data", "Data", "{88C958AE-DED0-4A48-AB7A-01C61F9FCF15}"
EndProject
Project("{FAE04EC0-301F-11D3-BF4B-00C04F79EFBC}") = "MicroRabbit.Banking.Api", "MicroRabbit.Banking.Api\MicroRabbit.Banking.Api.csproj", "{3BDCED9C-C7B7-47E2-968E-5A242155834B}"
EndProject
Project("{FAE04EC0-301F-11D3-BF4B-00C04F79EFBC}") = "MicroRabbit.Banking.Application", "MicroRabbit.Banking.Application\MicroRabbit.Banking.Application.csproj", "{CCDF6A0E-E6F6-4C32-B5C6-E7C5B8A8A5F2}"
EndProject
Project("{FAE04EC0-301F-11D3-BF4B-00C04F79EFBC}") = "MicroRabbit.Banking.Data", "MicroRabbit.Banking.Data\MicroRabbit.Banking.Data.csproj", "{67131F64-2ABE-4985-84BB-0B12AB068C42}"
EndProject
Project("{FAE04EC0-301F-11D3-BF4B-00C04F79EFBC}") = "MicroRabbit.Banking.Domain", "MicroRabbit.Banking.Domain\MicroRabbit.Banking.Domain.csproj", "{6190E7D1-9C54-4DFC-A343-906545FCCB53}"
EndProject
Global
	GlobalSection(SolutionConfigurationPlatforms) = preSolution
		Debug|Any CPU = Debug|Any CPU
		Release|Any CPU = Release|Any CPU
	EndGlobalSection
	GlobalSection(ProjectConfigurationPlatforms) = postSolution
		{252551DC-8EE5-4401-9B9E-E76CD0DCC8C4}.Debug|Any CPU.ActiveCfg = Debug|Any CPU
		{252551DC-8EE5-4401-9B9E-E76CD0DCC8C4}.Debug|Any CPU.Build.0 = Debug|Any CPU
		{252551DC-8EE5-4401-9B9E-E76CD0DCC8C4}.Release|Any CPU.ActiveCfg = Release|Any CPU
		{252551DC-8EE5-4401-9B9E-E76CD0DCC8C4}.Release|Any CPU.Build.0 = Release|Any CPU
		{549D1459-6F93-4EC8-8393-D246EB158C1E}.Debug|Any CPU.ActiveCfg = Debug|Any CPU
		{549D1459-6F93-4EC8-8393-D246EB158C1E}.Debug|Any CPU.Build.0 = Debug|Any CPU
		{549D1459-6F93-4EC8-8393-D246EB158C1E}.Release|Any CPU.ActiveCfg = Release|Any CPU
		{549D1459-6F93-4EC8-8393-D246EB158C1E}.Release|Any CPU.Build.0 = Release|Any CPU
		{7AAE8D23-0D8D-453F-8836-B42D0D49CBBD}.Debug|Any CPU.ActiveCfg = Debug|Any CPU
		{7AAE8D23-0D8D-453F-8836-B42D0D49CBBD}.Debug|Any CPU.Build.0 = Debug|Any CPU
		{7AAE8D23-0D8D-453F-8836-B42D0D49CBBD}.Release|Any CPU.ActiveCfg = Release|Any CPU
		{7AAE8D23-0D8D-453F-8836-B42D0D49CBBD}.Release|Any CPU.Build.0 = Release|Any CPU
		{3BDCED9C-C7B7-47E2-968E-5A242155834B}.Debug|Any CPU.ActiveCfg = Debug|Any CPU
		{3BDCED9C-C7B7-47E2-968E-5A242155834B}.Debug|Any CPU.Build.0 = Debug|Any CPU
		{3BDCED9C-C7B7-47E2-968E-5A242155834B}.Release|Any CPU.ActiveCfg = Release|Any CPU
		{3BDCED9C-C7B7-47E2-968E-5A242155834B}.Release|Any CPU.Build.0 = Release|Any CPU
		{CCDF6A0E-E6F6-4C32-B5C6-E7C5B8A8A5F2}.Debug|Any CPU.ActiveCfg = Debug|Any CPU
		{CCDF6A0E-E6F6-4C32-B5C6-E7C5B8A8A5F2}.Debug|Any CPU.Build.0 = Debug|Any CPU
		{CCDF6A0E-E6F6-4C32-B5C6-E7C5B8A8A5F2}.Release|Any CPU.ActiveCfg = Release|Any CPU
		{CCDF6A0E-E6F6-4C32-B5C6-E7C5B8A8A5F2}.Release|Any CPU.Build.0 = Release|Any CPU
		{67131F64-2ABE-4985-84BB-0B12AB068C42}.Debug|Any CPU.ActiveCfg = Debug|Any CPU
		{67131F64-2ABE-4985-84BB-0B12AB068C42}.Debug|Any CPU.Build.0 = Debug|Any CPU
		{67131F64-2ABE-4985-84BB-0B12AB068C42}.Release|Any CPU.ActiveCfg = Release|Any CPU
		{67131F64-2ABE-4985-84BB-0B12AB068C42}.Release|Any CPU.Build.0 = Release|Any CPU
		{6190E7D1-9C54-4DFC-A343-906545FCCB53}.Debug|Any CPU.ActiveCfg = Debug|Any CPU
		{6190E7D1-9C54-4DFC-A343-906545FCCB53}.Debug|Any CPU.Build.0 = Debug|Any CPU
		{6190E7D1-9C54-4DFC-A343-906545FCCB53}.Release|Any CPU.ActiveCfg = Release|Any CPU
		{6190E7D1-9C54-4DFC-A343-906545FCCB53}.Release|Any CPU.Build.0 = Release|Any CPU
	EndGlobalSection
	GlobalSection(SolutionProperties) = preSolution
		HideSolutionNode = FALSE
	EndGlobalSection
	GlobalSection(NestedProjects) = preSolution
		{252551DC-8EE5-4401-9B9E-E76CD0DCC8C4} = {41943DA0-681B-44F8-AD41-FC79C39E173E}
		{549D1459-6F93-4EC8-8393-D246EB158C1E} = {78D5C6EE-D0F2-4CF1-8BAE-71199A5606A2}
		{7AAE8D23-0D8D-453F-8836-B42D0D49CBBD} = {AEC1EC9C-B4CF-4A2F-8AD1-7475C6D604CB}
		{3558F712-05FA-4CAA-94F9-3293A86030E5} = {FFCCF830-1F91-4E37-B297-E3B51CE81D91}
		{1D1628EC-32D1-4630-B333-26116114827E} = {3558F712-05FA-4CAA-94F9-3293A86030E5}
		{6E534F3E-27F2-48D7-B497-AA07FD1C9827} = {3558F712-05FA-4CAA-94F9-3293A86030E5}
		{BDB16408-F0C8-44B4-89BF-22E7FCA67025} = {3558F712-05FA-4CAA-94F9-3293A86030E5}
		{88C958AE-DED0-4A48-AB7A-01C61F9FCF15} = {3558F712-05FA-4CAA-94F9-3293A86030E5}
		{3BDCED9C-C7B7-47E2-968E-5A242155834B} = {1D1628EC-32D1-4630-B333-26116114827E}
		{CCDF6A0E-E6F6-4C32-B5C6-E7C5B8A8A5F2} = {BDB16408-F0C8-44B4-89BF-22E7FCA67025}
		{67131F64-2ABE-4985-84BB-0B12AB068C42} = {88C958AE-DED0-4A48-AB7A-01C61F9FCF15}
		{6190E7D1-9C54-4DFC-A343-906545FCCB53} = {6E534F3E-27F2-48D7-B497-AA07FD1C9827}
	EndGlobalSection
	GlobalSection(ExtensibilityGlobals) = postSolution
		SolutionGuid = {0DCB5045-328D-41D7-9B48-227F79FD708A}
	EndGlobalSection
EndGlobal
